
Microsoft Visual Studio Solution File, Format Version 12.00
# Visual Studio 14
VisualStudioVersion = 14.0.23107.0
MinimumVisualStudioVersion = 10.0.40219.1
Project("{FAE04EC0-301F-11D3-BF4B-00C04F79EFBC}") = "FirstThreeProblems", "FirstProblemPoint3D\FirstThreeProblems.csproj", "{B9376E3A-EA49-409F-A7D8-C91196F16FBE}"
EndProject
Project("{FAE04EC0-301F-11D3-BF4B-00C04F79EFBC}") = "Geometry", "FourthProblemNamespaces\Geometry.csproj", "{EF3DDD7F-C534-4193-AFFA-2C89669C8BBA}"
EndProject
Global
	GlobalSection(SolutionConfigurationPlatforms) = preSolution
		Debug|Any CPU = Debug|Any CPU
		Release|Any CPU = Release|Any CPU
	EndGlobalSection
	GlobalSection(ProjectConfigurationPlatforms) = postSolution
		{B9376E3A-EA49-409F-A7D8-C91196F16FBE}.Debug|Any CPU.ActiveCfg = Debug|Any CPU
		{B9376E3A-EA49-409F-A7D8-C91196F16FBE}.Debug|Any CPU.Build.0 = Debug|Any CPU
		{B9376E3A-EA49-409F-A7D8-C91196F16FBE}.Release|Any CPU.ActiveCfg = Release|Any CPU
		{B9376E3A-EA49-409F-A7D8-C91196F16FBE}.Release|Any CPU.Build.0 = Release|Any CPU
		{EF3DDD7F-C534-4193-AFFA-2C89669C8BBA}.Debug|Any CPU.ActiveCfg = Debug|Any CPU
		{EF3DDD7F-C534-4193-AFFA-2C89669C8BBA}.Debug|Any CPU.Build.0 = Debug|Any CPU
		{EF3DDD7F-C534-4193-AFFA-2C89669C8BBA}.Release|Any CPU.ActiveCfg = Release|Any CPU
		{EF3DDD7F-C534-4193-AFFA-2C89669C8BBA}.Release|Any CPU.Build.0 = Release|Any CPU
	EndGlobalSection
	GlobalSection(SolutionProperties) = preSolution
		HideSolutionNode = FALSE
	EndGlobalSection
EndGlobal
